
Microsoft Visual Studio Solution File, Format Version 12.00
# Visual Studio Version 17
VisualStudioVersion = 17.4.33110.190
MinimumVisualStudioVersion = 10.0.40219.1
Project("{FAE04EC0-301F-11D3-BF4B-00C04F79EFBC}") = "HackerRankCSharpTest", "HackerRankCSharpTest\HackerRankCSharpTest.csproj", "{84B19F40-C09E-4D6E-BB93-F995F2B451A0}"
EndProject
Global
	GlobalSection(SolutionConfigurationPlatforms) = preSolution
		Debug|Any CPU = Debug|Any CPU
		Release|Any CPU = Release|Any CPU
	EndGlobalSection
	GlobalSection(ProjectConfigurationPlatforms) = postSolution
		{84B19F40-C09E-4D6E-BB93-F995F2B451A0}.Debug|Any CPU.ActiveCfg = Debug|Any CPU
		{84B19F40-C09E-4D6E-BB93-F995F2B451A0}.Debug|Any CPU.Build.0 = Debug|Any CPU
		{84B19F40-C09E-4D6E-BB93-F995F2B451A0}.Release|Any CPU.ActiveCfg = Release|Any CPU
		{84B19F40-C09E-4D6E-BB93-F995F2B451A0}.Release|Any CPU.Build.0 = Release|Any CPU
	EndGlobalSection
	GlobalSection(SolutionProperties) = preSolution
		HideSolutionNode = FALSE
	EndGlobalSection
	GlobalSection(ExtensibilityGlobals) = postSolution
		SolutionGuid = {DC62376E-FE28-43D5-B777-4F0C3DC68F20}
	EndGlobalSection
EndGlobal
